
Microsoft Visual Studio Solution File, Format Version 12.00
# Visual Studio Version 17
VisualStudioVersion = 17.0.31903.59
MinimumVisualStudioVersion = 10.0.40219.1
Project("{6EC3EE1D-3C4E-46DD-8F32-0CC8E7565705}") = "UnquotedJson", "UnquotedJson\UnquotedJson.fsproj", "{B2F9B25D-0532-4DB9-B6AE-9277629C8123}"
EndProject
Project("{6EC3EE1D-3C4E-46DD-8F32-0CC8E7565705}") = "UnquotedJson.Test", "UnquotedJson.Test\UnquotedJson.Test.fsproj", "{356916B8-0A3B-40C1-A8C7-3C511C304B5A}"
EndProject
Project("{6EC3EE1D-3C4E-46DD-8F32-0CC8E7565705}") = "AspNetCore.UnquotedJson", "AspNetCore.UnquotedJson\AspNetCore.UnquotedJson.fsproj", "{294CD4DC-1DCE-459F-97A9-06DDA0412216}"
EndProject
Project("{9A19103F-16F7-4668-BE54-9A1E7A4F7556}") = "UnquotedJsonExample", "UnquotedJsonExample\UnquotedJsonExample.csproj", "{BB746426-6E9A-4B07-B88E-451897D0C101}"
EndProject
Project("{6EC3EE1D-3C4E-46DD-8F32-0CC8E7565705}") = "UnquotedJsonExample.Major", "UnquotedJsonExample.Major\UnquotedJsonExample.Major.fsproj", "{B4C24D8E-9530-4897-BDA7-75CA9FC83CAB}"
EndProject
Global
	GlobalSection(SolutionConfigurationPlatforms) = preSolution
		Debug|Any CPU = Debug|Any CPU
		Release|Any CPU = Release|Any CPU
	EndGlobalSection
	GlobalSection(ProjectConfigurationPlatforms) = postSolution
		{B2F9B25D-0532-4DB9-B6AE-9277629C8123}.Debug|Any CPU.ActiveCfg = Debug|Any CPU
		{B2F9B25D-0532-4DB9-B6AE-9277629C8123}.Debug|Any CPU.Build.0 = Debug|Any CPU
		{B2F9B25D-0532-4DB9-B6AE-9277629C8123}.Release|Any CPU.ActiveCfg = Release|Any CPU
		{B2F9B25D-0532-4DB9-B6AE-9277629C8123}.Release|Any CPU.Build.0 = Release|Any CPU
		{356916B8-0A3B-40C1-A8C7-3C511C304B5A}.Debug|Any CPU.ActiveCfg = Debug|Any CPU
		{356916B8-0A3B-40C1-A8C7-3C511C304B5A}.Debug|Any CPU.Build.0 = Debug|Any CPU
		{356916B8-0A3B-40C1-A8C7-3C511C304B5A}.Release|Any CPU.ActiveCfg = Release|Any CPU
		{356916B8-0A3B-40C1-A8C7-3C511C304B5A}.Release|Any CPU.Build.0 = Release|Any CPU
		{294CD4DC-1DCE-459F-97A9-06DDA0412216}.Debug|Any CPU.ActiveCfg = Debug|Any CPU
		{294CD4DC-1DCE-459F-97A9-06DDA0412216}.Debug|Any CPU.Build.0 = Debug|Any CPU
		{294CD4DC-1DCE-459F-97A9-06DDA0412216}.Release|Any CPU.ActiveCfg = Release|Any CPU
		{294CD4DC-1DCE-459F-97A9-06DDA0412216}.Release|Any CPU.Build.0 = Release|Any CPU
		{BB746426-6E9A-4B07-B88E-451897D0C101}.Debug|Any CPU.ActiveCfg = Debug|Any CPU
		{BB746426-6E9A-4B07-B88E-451897D0C101}.Debug|Any CPU.Build.0 = Debug|Any CPU
		{BB746426-6E9A-4B07-B88E-451897D0C101}.Release|Any CPU.ActiveCfg = Release|Any CPU
		{BB746426-6E9A-4B07-B88E-451897D0C101}.Release|Any CPU.Build.0 = Release|Any CPU
		{B4C24D8E-9530-4897-BDA7-75CA9FC83CAB}.Debug|Any CPU.ActiveCfg = Debug|Any CPU
		{B4C24D8E-9530-4897-BDA7-75CA9FC83CAB}.Debug|Any CPU.Build.0 = Debug|Any CPU
		{B4C24D8E-9530-4897-BDA7-75CA9FC83CAB}.Release|Any CPU.ActiveCfg = Release|Any CPU
		{B4C24D8E-9530-4897-BDA7-75CA9FC83CAB}.Release|Any CPU.Build.0 = Release|Any CPU
	EndGlobalSection
	GlobalSection(SolutionProperties) = preSolution
		HideSolutionNode = FALSE
	EndGlobalSection
	GlobalSection(ExtensibilityGlobals) = postSolution
		SolutionGuid = {FF1CE30D-7B25-4D9E-B00F-2E0EFC5A86E5}
	EndGlobalSection
EndGlobal
